
Microsoft Visual Studio Solution File, Format Version 12.00
# Visual Studio Version 17
VisualStudioVersion = 17.9.34723.18
MinimumVisualStudioVersion = 10.0.40219.1
Project("{2150E333-8FDC-42A3-9474-1A3956D46DE8}") = "Services", "Services", "{E010E8EC-6085-4117-86DA-AF12A8469F07}"
EndProject
Project("{9A19103F-16F7-4668-BE54-9A1E7A4F7556}") = "Catalog.API", "Catalog.API\Catalog.API.csproj", "{F86DB99A-1F1D-4543-B9BC-287FFB378278}"
EndProject
Project("{9A19103F-16F7-4668-BE54-9A1E7A4F7556}") = "Basket.API", "Basket.API\Basket.API.csproj", "{EC386E7D-3619-459F-8595-71F28DCC1D3B}"
EndProject
Project("{9A19103F-16F7-4668-BE54-9A1E7A4F7556}") = "Discount.API", "Discount.API\Discount.API.csproj", "{A95B92E6-6F06-4EE9-B4DA-CC6A2C35E71D}"
EndProject
Project("{9A19103F-16F7-4668-BE54-9A1E7A4F7556}") = "Discount.Grpc", "Discount.Grpc\Discount.Grpc.csproj", "{02CCCFB4-D182-4A7E-90EA-CCE31189CC10}"
EndProject
Project("{2150E333-8FDC-42A3-9474-1A3956D46DE8}") = "Ordering", "Ordering", "{81413155-9D1E-4949-9CB9-854FB4CDB9B0}"
EndProject
Global
	GlobalSection(SolutionConfigurationPlatforms) = preSolution
		Debug|Any CPU = Debug|Any CPU
		Release|Any CPU = Release|Any CPU
	EndGlobalSection
	GlobalSection(ProjectConfigurationPlatforms) = postSolution
		{F86DB99A-1F1D-4543-B9BC-287FFB378278}.Debug|Any CPU.ActiveCfg = Debug|Any CPU
		{F86DB99A-1F1D-4543-B9BC-287FFB378278}.Debug|Any CPU.Build.0 = Debug|Any CPU
		{F86DB99A-1F1D-4543-B9BC-287FFB378278}.Release|Any CPU.ActiveCfg = Release|Any CPU
		{F86DB99A-1F1D-4543-B9BC-287FFB378278}.Release|Any CPU.Build.0 = Release|Any CPU
		{EC386E7D-3619-459F-8595-71F28DCC1D3B}.Debug|Any CPU.ActiveCfg = Debug|Any CPU
		{EC386E7D-3619-459F-8595-71F28DCC1D3B}.Debug|Any CPU.Build.0 = Debug|Any CPU
		{EC386E7D-3619-459F-8595-71F28DCC1D3B}.Release|Any CPU.ActiveCfg = Release|Any CPU
		{EC386E7D-3619-459F-8595-71F28DCC1D3B}.Release|Any CPU.Build.0 = Release|Any CPU
		{A95B92E6-6F06-4EE9-B4DA-CC6A2C35E71D}.Debug|Any CPU.ActiveCfg = Debug|Any CPU
		{A95B92E6-6F06-4EE9-B4DA-CC6A2C35E71D}.Debug|Any CPU.Build.0 = Debug|Any CPU
		{A95B92E6-6F06-4EE9-B4DA-CC6A2C35E71D}.Release|Any CPU.ActiveCfg = Release|Any CPU
		{A95B92E6-6F06-4EE9-B4DA-CC6A2C35E71D}.Release|Any CPU.Build.0 = Release|Any CPU
		{02CCCFB4-D182-4A7E-90EA-CCE31189CC10}.Debug|Any CPU.ActiveCfg = Debug|Any CPU
		{02CCCFB4-D182-4A7E-90EA-CCE31189CC10}.Debug|Any CPU.Build.0 = Debug|Any CPU
		{02CCCFB4-D182-4A7E-90EA-CCE31189CC10}.Release|Any CPU.ActiveCfg = Release|Any CPU
		{02CCCFB4-D182-4A7E-90EA-CCE31189CC10}.Release|Any CPU.Build.0 = Release|Any CPU
	EndGlobalSection
	GlobalSection(SolutionProperties) = preSolution
		HideSolutionNode = FALSE
	EndGlobalSection
	GlobalSection(NestedProjects) = preSolution
		{F86DB99A-1F1D-4543-B9BC-287FFB378278} = {E010E8EC-6085-4117-86DA-AF12A8469F07}
		{EC386E7D-3619-459F-8595-71F28DCC1D3B} = {E010E8EC-6085-4117-86DA-AF12A8469F07}
		{A95B92E6-6F06-4EE9-B4DA-CC6A2C35E71D} = {E010E8EC-6085-4117-86DA-AF12A8469F07}
		{02CCCFB4-D182-4A7E-90EA-CCE31189CC10} = {E010E8EC-6085-4117-86DA-AF12A8469F07}
		{81413155-9D1E-4949-9CB9-854FB4CDB9B0} = {E010E8EC-6085-4117-86DA-AF12A8469F07}
	EndGlobalSection
	GlobalSection(ExtensibilityGlobals) = postSolution
		SolutionGuid = {B2BC7C9E-65EF-4734-865E-6D2276A0C50C}
	EndGlobalSection
EndGlobal
