
Microsoft Visual Studio Solution File, Format Version 12.00
# Visual Studio Version 17
VisualStudioVersion = 17.9.34723.18
MinimumVisualStudioVersion = 10.0.40219.1
Project("{2150E333-8FDC-42A3-9474-1A3956D46DE8}") = "Services", "Services", "{E010E8EC-6085-4117-86DA-AF12A8469F07}"
EndProject
Project("{9A19103F-16F7-4668-BE54-9A1E7A4F7556}") = "Catalog.API", "Catalog.API\Catalog.API.csproj", "{F86DB99A-1F1D-4543-B9BC-287FFB378278}"
EndProject
Project("{9A19103F-16F7-4668-BE54-9A1E7A4F7556}") = "Basket.API", "Basket.API\Basket.API.csproj", "{EC386E7D-3619-459F-8595-71F28DCC1D3B}"
EndProject
Project("{9A19103F-16F7-4668-BE54-9A1E7A4F7556}") = "Discount.API", "Discount.API\Discount.API.csproj", "{A95B92E6-6F06-4EE9-B4DA-CC6A2C35E71D}"
EndProject
Project("{9A19103F-16F7-4668-BE54-9A1E7A4F7556}") = "Discount.Grpc", "Discount.Grpc\Discount.Grpc.csproj", "{02CCCFB4-D182-4A7E-90EA-CCE31189CC10}"
EndProject
Project("{2150E333-8FDC-42A3-9474-1A3956D46DE8}") = "Ordering", "Ordering", "{6FEE0B96-AAAD-45C0-A2EB-4CAAEB2CC75C}"
EndProject
Project("{9A19103F-16F7-4668-BE54-9A1E7A4F7556}") = "Ordering.API", "Ordering\Ordering.API\Ordering.API.csproj", "{70F48438-5160-4C96-92C2-1F43893E0789}"
EndProject
Project("{9A19103F-16F7-4668-BE54-9A1E7A4F7556}") = "Ordering.Domain", "Ordering\Ordering.Domain\Ordering.Domain.csproj", "{78F3792B-D85E-4C3E-A12E-6D2AF7888EF7}"
EndProject
Project("{9A19103F-16F7-4668-BE54-9A1E7A4F7556}") = "Ordering.Application", "Ordering\Ordering.Application\Ordering.Application.csproj", "{41B2317C-3506-4418-A3CB-DA41BA6C9EFD}"
EndProject
Project("{9A19103F-16F7-4668-BE54-9A1E7A4F7556}") = "Ordering.Infrastructure", "Ordering\Ordering.Infrastructer\Ordering.Infrastructure.csproj", "{84B0D855-A1AA-4837-A728-D18021448F3B}"
EndProject
Global
	GlobalSection(SolutionConfigurationPlatforms) = preSolution
		Debug|Any CPU = Debug|Any CPU
		Release|Any CPU = Release|Any CPU
	EndGlobalSection
	GlobalSection(ProjectConfigurationPlatforms) = postSolution
		{F86DB99A-1F1D-4543-B9BC-287FFB378278}.Debug|Any CPU.ActiveCfg = Debug|Any CPU
		{F86DB99A-1F1D-4543-B9BC-287FFB378278}.Debug|Any CPU.Build.0 = Debug|Any CPU
		{F86DB99A-1F1D-4543-B9BC-287FFB378278}.Release|Any CPU.ActiveCfg = Release|Any CPU
		{F86DB99A-1F1D-4543-B9BC-287FFB378278}.Release|Any CPU.Build.0 = Release|Any CPU
		{EC386E7D-3619-459F-8595-71F28DCC1D3B}.Debug|Any CPU.ActiveCfg = Debug|Any CPU
		{EC386E7D-3619-459F-8595-71F28DCC1D3B}.Debug|Any CPU.Build.0 = Debug|Any CPU
		{EC386E7D-3619-459F-8595-71F28DCC1D3B}.Release|Any CPU.ActiveCfg = Release|Any CPU
		{EC386E7D-3619-459F-8595-71F28DCC1D3B}.Release|Any CPU.Build.0 = Release|Any CPU
		{A95B92E6-6F06-4EE9-B4DA-CC6A2C35E71D}.Debug|Any CPU.ActiveCfg = Debug|Any CPU
		{A95B92E6-6F06-4EE9-B4DA-CC6A2C35E71D}.Debug|Any CPU.Build.0 = Debug|Any CPU
		{A95B92E6-6F06-4EE9-B4DA-CC6A2C35E71D}.Release|Any CPU.ActiveCfg = Release|Any CPU
		{A95B92E6-6F06-4EE9-B4DA-CC6A2C35E71D}.Release|Any CPU.Build.0 = Release|Any CPU
		{02CCCFB4-D182-4A7E-90EA-CCE31189CC10}.Debug|Any CPU.ActiveCfg = Debug|Any CPU
		{02CCCFB4-D182-4A7E-90EA-CCE31189CC10}.Debug|Any CPU.Build.0 = Debug|Any CPU
		{02CCCFB4-D182-4A7E-90EA-CCE31189CC10}.Release|Any CPU.ActiveCfg = Release|Any CPU
		{02CCCFB4-D182-4A7E-90EA-CCE31189CC10}.Release|Any CPU.Build.0 = Release|Any CPU
		{70F48438-5160-4C96-92C2-1F43893E0789}.Debug|Any CPU.ActiveCfg = Debug|Any CPU
		{70F48438-5160-4C96-92C2-1F43893E0789}.Debug|Any CPU.Build.0 = Debug|Any CPU
		{70F48438-5160-4C96-92C2-1F43893E0789}.Release|Any CPU.ActiveCfg = Release|Any CPU
		{70F48438-5160-4C96-92C2-1F43893E0789}.Release|Any CPU.Build.0 = Release|Any CPU
		{78F3792B-D85E-4C3E-A12E-6D2AF7888EF7}.Debug|Any CPU.ActiveCfg = Debug|Any CPU
		{78F3792B-D85E-4C3E-A12E-6D2AF7888EF7}.Debug|Any CPU.Build.0 = Debug|Any CPU
		{78F3792B-D85E-4C3E-A12E-6D2AF7888EF7}.Release|Any CPU.ActiveCfg = Release|Any CPU
		{78F3792B-D85E-4C3E-A12E-6D2AF7888EF7}.Release|Any CPU.Build.0 = Release|Any CPU
		{41B2317C-3506-4418-A3CB-DA41BA6C9EFD}.Debug|Any CPU.ActiveCfg = Debug|Any CPU
		{41B2317C-3506-4418-A3CB-DA41BA6C9EFD}.Debug|Any CPU.Build.0 = Debug|Any CPU
		{41B2317C-3506-4418-A3CB-DA41BA6C9EFD}.Release|Any CPU.ActiveCfg = Release|Any CPU
		{41B2317C-3506-4418-A3CB-DA41BA6C9EFD}.Release|Any CPU.Build.0 = Release|Any CPU
		{84B0D855-A1AA-4837-A728-D18021448F3B}.Debug|Any CPU.ActiveCfg = Debug|Any CPU
		{84B0D855-A1AA-4837-A728-D18021448F3B}.Debug|Any CPU.Build.0 = Debug|Any CPU
		{84B0D855-A1AA-4837-A728-D18021448F3B}.Release|Any CPU.ActiveCfg = Release|Any CPU
		{84B0D855-A1AA-4837-A728-D18021448F3B}.Release|Any CPU.Build.0 = Release|Any CPU
	EndGlobalSection
	GlobalSection(SolutionProperties) = preSolution
		HideSolutionNode = FALSE
	EndGlobalSection
	GlobalSection(NestedProjects) = preSolution
		{F86DB99A-1F1D-4543-B9BC-287FFB378278} = {E010E8EC-6085-4117-86DA-AF12A8469F07}
		{EC386E7D-3619-459F-8595-71F28DCC1D3B} = {E010E8EC-6085-4117-86DA-AF12A8469F07}
		{A95B92E6-6F06-4EE9-B4DA-CC6A2C35E71D} = {E010E8EC-6085-4117-86DA-AF12A8469F07}
		{02CCCFB4-D182-4A7E-90EA-CCE31189CC10} = {E010E8EC-6085-4117-86DA-AF12A8469F07}
		{6FEE0B96-AAAD-45C0-A2EB-4CAAEB2CC75C} = {E010E8EC-6085-4117-86DA-AF12A8469F07}
		{70F48438-5160-4C96-92C2-1F43893E0789} = {6FEE0B96-AAAD-45C0-A2EB-4CAAEB2CC75C}
		{78F3792B-D85E-4C3E-A12E-6D2AF7888EF7} = {6FEE0B96-AAAD-45C0-A2EB-4CAAEB2CC75C}
		{41B2317C-3506-4418-A3CB-DA41BA6C9EFD} = {6FEE0B96-AAAD-45C0-A2EB-4CAAEB2CC75C}
		{84B0D855-A1AA-4837-A728-D18021448F3B} = {6FEE0B96-AAAD-45C0-A2EB-4CAAEB2CC75C}
	EndGlobalSection
	GlobalSection(ExtensibilityGlobals) = postSolution
		SolutionGuid = {B2BC7C9E-65EF-4734-865E-6D2276A0C50C}
	EndGlobalSection
EndGlobal
